
Microsoft Visual Studio Solution File, Format Version 12.00
# Visual Studio Version 17
VisualStudioVersion = 17.7.34003.232
MinimumVisualStudioVersion = 10.0.40219.1
Project("{FAE04EC0-301F-11D3-BF4B-00C04F79EFBC}") = "Aibo via DSharpPlus", "Aibo via DSharpPlus\Aibo via DSharpPlus.csproj", "{3EC3EAAE-8095-44C9-81E9-A1B728D20B0B}"
EndProject
Global
	GlobalSection(SolutionConfigurationPlatforms) = preSolution
		Debug|Any CPU = Debug|Any CPU
		Release|Any CPU = Release|Any CPU
	EndGlobalSection
	GlobalSection(ProjectConfigurationPlatforms) = postSolution
		{3EC3EAAE-8095-44C9-81E9-A1B728D20B0B}.Debug|Any CPU.ActiveCfg = Debug|Any CPU
		{3EC3EAAE-8095-44C9-81E9-A1B728D20B0B}.Debug|Any CPU.Build.0 = Debug|Any CPU
		{3EC3EAAE-8095-44C9-81E9-A1B728D20B0B}.Release|Any CPU.ActiveCfg = Release|Any CPU
		{3EC3EAAE-8095-44C9-81E9-A1B728D20B0B}.Release|Any CPU.Build.0 = Release|Any CPU
	EndGlobalSection
	GlobalSection(SolutionProperties) = preSolution
		HideSolutionNode = FALSE
	EndGlobalSection
	GlobalSection(ExtensibilityGlobals) = postSolution
		SolutionGuid = {D3AB9987-9169-41FA-AA38-7F8F8407419F}
	EndGlobalSection
EndGlobal
